# This file was autogenerated by Stack.
# You should not edit this file by hand.
# For more information, please see the documentation at:
#   https://docs.haskellstack.org/en/stable/lock_files

packages:
- completed:
    hackage: hasql-migration-0.3.0@sha256:6ca4cc6c89834bb79eb9f15b504774043b5b3994336bd86a9d79e59da6d54963,2799
    pantry-tree:
      size: 589
      sha256: 55e3dfca36ffe0d11e1c42bce446e3cc1d5b9a4983e196ec99c650c8b4268845
  original:
    hackage: hasql-migration-0.3.0@sha256:6ca4cc6c89834bb79eb9f15b504774043b5b3994336bd86a9d79e59da6d54963,2799
- completed:
    hackage: servant-swagger-ui-redoc-0.3.4.1.22.3@sha256:c19967101d9205b1a936fad254f22f02c471953c10b1137364a4589e121f0562,1474
    pantry-tree:
      size: 381
      sha256: 854dc59f86a3d1c30f48c9be287dcba7dbdaf482f4488d8d94884ff577678cc3
  original:
    hackage: servant-swagger-ui-redoc-0.3.4.1.22.3@sha256:c19967101d9205b1a936fad254f22f02c471953c10b1137364a4589e121f0562,1474
- completed:
    hackage: aws-lambda-haskell-runtime-4.1.0@sha256:4fbf9855326ed0173c3ef27c006412c8da46f84b0566fa92a44ad0e988432d82,2916
    pantry-tree:
      size: 1453
      sha256: c01167c71d6e25a33b822629d5efc50818589e33e5341ee1bea1bb4e2c59f9c6
  original:
    hackage: aws-lambda-haskell-runtime-4.1.0@sha256:4fbf9855326ed0173c3ef27c006412c8da46f84b0566fa92a44ad0e988432d82,2916
- completed:
    hackage: aws-lambda-haskell-runtime-wai-2.0.1@sha256:faf95e0697905883c3998d3b451ee86ac4e811e0430d4cefbeabc4cdbf6e9a03,1986
    pantry-tree:
      size: 389
      sha256: ca767a701c3c8328f37912c638970ab96941c3bd0bf72f69d0b8943ed1fd51e3
  original:
    hackage: aws-lambda-haskell-runtime-wai-2.0.1@sha256:faf95e0697905883c3998d3b451ee86ac4e811e0430d4cefbeabc4cdbf6e9a03,1986
- completed:
    hackage: safe-exceptions-checked-0.1.0@sha256:ae142f284c6b102f0e7606a69a5719f4f72771d9cc353af72fa4484326689100,1603
    pantry-tree:
      size: 298
      sha256: d1f8ba50967547f26cdc37cbc64bdc85af57d856986876a6a5767a61977bc299
  original:
    hackage: safe-exceptions-checked-0.1.0@sha256:ae142f284c6b102f0e7606a69a5719f4f72771d9cc353af72fa4484326689100,1603
- completed:
    hackage: co-log-0.4.0.1@sha256:3d4c17f37693c80d1aa2c41669bc3438fac3e89dc5f479e57d79bc3ddc4dfcc5,5087
    pantry-tree:
      size: 1126
      sha256: e73165ff8f744709428e2e87984c9d60ca1cec43d8455c413181c7c466e7497c
  original:
    hackage: co-log-0.4.0.1@sha256:3d4c17f37693c80d1aa2c41669bc3438fac3e89dc5f479e57d79bc3ddc4dfcc5,5087
- completed:
    hackage: ansi-terminal-0.10.3@sha256:e2fbcef5f980dc234c7ad8e2fa433b0e8109132c9e643bc40ea5608cd5697797,3226
    pantry-tree:
      size: 1461
      sha256: 02f05d52be3ffcf36c78876629cbab80b63420672685371aea4fd10e1c4aabb6
  original:
    hackage: ansi-terminal-0.10.3@sha256:e2fbcef5f980dc234c7ad8e2fa433b0e8109132c9e643bc40ea5608cd5697797,3226
snapshots:
- completed:
    size: 587546
    url: https://raw.githubusercontent.com/commercialhaskell/stackage-snapshots/master/lts/18/10.yaml
    sha256: 88b4f81e162ba3adc230a9fcccc4d19ac116377656bab56c7382ca88598b257a
  original: lts-18.10
