# This file was autogenerated by Stack.
# You should not edit this file by hand.
# For more information, please see the documentation at:
#   https://docs.haskellstack.org/en/stable/lock_files

packages:
- completed:
    hackage: hasql-migration-0.3.0@sha256:6ca4cc6c89834bb79eb9f15b504774043b5b3994336bd86a9d79e59da6d54963,2799
    pantry-tree:
      size: 589
      sha256: 55e3dfca36ffe0d11e1c42bce446e3cc1d5b9a4983e196ec99c650c8b4268845
  original:
    hackage: hasql-migration-0.3.0@sha256:6ca4cc6c89834bb79eb9f15b504774043b5b3994336bd86a9d79e59da6d54963,2799
- completed:
    hackage: servant-swagger-ui-redoc-0.3.4.1.22.3@sha256:c19967101d9205b1a936fad254f22f02c471953c10b1137364a4589e121f0562,1474
    pantry-tree:
      size: 381
      sha256: 854dc59f86a3d1c30f48c9be287dcba7dbdaf482f4488d8d94884ff577678cc3
  original:
    hackage: servant-swagger-ui-redoc-0.3.4.1.22.3@sha256:c19967101d9205b1a936fad254f22f02c471953c10b1137364a4589e121f0562,1474
snapshots:
- completed:
    size: 567241
    url: https://raw.githubusercontent.com/commercialhaskell/stackage-snapshots/master/lts/17/10.yaml
    sha256: 321b3b9f0c7f76994b39e0dabafdc76478274b4ff74cc5e43d410897a335ad3b
  original: lts-17.10
