# This file was autogenerated by Stack.
# You should not edit this file by hand.
# For more information, please see the documentation at:
#   https://docs.haskellstack.org/en/stable/lock_files

packages:
- completed:
    hackage: hasql-migration-0.3.0@sha256:6ca4cc6c89834bb79eb9f15b504774043b5b3994336bd86a9d79e59da6d54963,2799
    pantry-tree:
      size: 589
      sha256: 55e3dfca36ffe0d11e1c42bce446e3cc1d5b9a4983e196ec99c650c8b4268845
  original:
    hackage: hasql-migration-0.3.0@sha256:6ca4cc6c89834bb79eb9f15b504774043b5b3994336bd86a9d79e59da6d54963,2799
- completed:
    hackage: wai-middleware-metrics-0.2.4@sha256:d6b6916acd41aaef4ca59a839d40a3a377f9df784ae49fd4c64926ae916b6ba2,2890
    pantry-tree:
      size: 330
      sha256: 99366b831109417cd8e739fb45e9fd214cb79f28a507f8154e5528120042d0ac
  original:
    hackage: wai-middleware-metrics-0.2.4
snapshots:
- completed:
    size: 532172
    url: https://raw.githubusercontent.com/commercialhaskell/stackage-snapshots/master/lts/16/18.yaml
    sha256: 4f2a092c6f4869854e8d7435ab98ce5157c641022c3cbfc4c4614ff3db752e62
  original:
    url: https://raw.githubusercontent.com/commercialhaskell/stackage-snapshots/master/lts/16/18.yaml
